// !$*UTF8*$!
{
	archiveVersion = 1;
	classes = {
	};
	objectVersion = 77;
	objects = {

/* Begin PBXBuildFile section */
		C6168A962CC45D0C006A9C60 /* MemoriesCell.swift in Sources */ = {isa = PBXBuildFile; fileRef = C6168A952CC45D0C006A9C60 /* MemoriesCell.swift */; };
		C65D9F392CB454B5007A6580 /* LogInViewModel.swift in Sources */ = {isa = PBXBuildFile; fileRef = C65D9F382CB454B5007A6580 /* LogInViewModel.swift */; };
		C65D9F3B2CB4550C007A6580 /* RegisterViewModel.swift in Sources */ = {isa = PBXBuildFile; fileRef = C65D9F3A2CB4550C007A6580 /* RegisterViewModel.swift */; };
		C65D9F3D2CB45588007A6580 /* ForgotPasswordViewModel.swift in Sources */ = {isa = PBXBuildFile; fileRef = C65D9F3C2CB45588007A6580 /* ForgotPasswordViewModel.swift */; };
		C6746EBC2CCABF6600A6B751 /* PrivacyVC.swift in Sources */ = {isa = PBXBuildFile; fileRef = C6746EBB2CCABF6600A6B751 /* PrivacyVC.swift */; };
		C6746EBE2CCABF7700A6B751 /* PrivacyViewModel.swift in Sources */ = {isa = PBXBuildFile; fileRef = C6746EBD2CCABF7700A6B751 /* PrivacyViewModel.swift */; };
		C684DDA32CAD65970053B291 /* Assets.xcassets in Resources */ = {isa = PBXBuildFile; fileRef = C684DD9B2CAD65970053B291 /* Assets.xcassets */; };
		C684DDA52CAD65970053B291 /* LaunchScreen.storyboard in Resources */ = {isa = PBXBuildFile; fileRef = C684DD9E2CAD65970053B291 /* LaunchScreen.storyboard */; };
		C684DDA62CAD65970053B291 /* Main.storyboard in Resources */ = {isa = PBXBuildFile; fileRef = C684DDA02CAD65970053B291 /* Main.storyboard */; };
		C684DDB62CAD665D0053B291 /* AppDelegate.swift in Sources */ = {isa = PBXBuildFile; fileRef = C684DDB42CAD665D0053B291 /* AppDelegate.swift */; };
		C684DDB72CAD665D0053B291 /* SceneDelegate.swift in Sources */ = {isa = PBXBuildFile; fileRef = C684DDB52CAD665D0053B291 /* SceneDelegate.swift */; };
		C684DDBC2CAD668F0053B291 /* LogInVC.swift in Sources */ = {isa = PBXBuildFile; fileRef = C684DDBB2CAD668F0053B291 /* LogInVC.swift */; };
		C684DDC62CAEA5C00053B291 /* GoogleService-Info.plist in Resources */ = {isa = PBXBuildFile; fileRef = C684DDC52CAEA5C00053B291 /* GoogleService-Info.plist */; };
		C684DDC92CAEA62D0053B291 /* FirebaseAuth in Frameworks */ = {isa = PBXBuildFile; productRef = C684DDC82CAEA62D0053B291 /* FirebaseAuth */; };
		C684DDCB2CAEA62D0053B291 /* FirebaseCore in Frameworks */ = {isa = PBXBuildFile; productRef = C684DDCA2CAEA62D0053B291 /* FirebaseCore */; };
		C684DDCD2CAEA62D0053B291 /* FirebaseDatabase in Frameworks */ = {isa = PBXBuildFile; productRef = C684DDCC2CAEA62D0053B291 /* FirebaseDatabase */; };
		C684DDCF2CAEA62D0053B291 /* FirebaseFirestore in Frameworks */ = {isa = PBXBuildFile; productRef = C684DDCE2CAEA62D0053B291 /* FirebaseFirestore */; };
		C684DDD12CAEA62D0053B291 /* FirebaseStorage in Frameworks */ = {isa = PBXBuildFile; productRef = C684DDD02CAEA62D0053B291 /* FirebaseStorage */; };
		C684DDD72CAEDF140053B291 /* ForgotPasswordVC.swift in Sources */ = {isa = PBXBuildFile; fileRef = C684DDD62CAEDF140053B291 /* ForgotPasswordVC.swift */; };
		C684DDDA2CAEE0060053B291 /* RegisterVC.swift in Sources */ = {isa = PBXBuildFile; fileRef = C684DDD92CAEE0060053B291 /* RegisterVC.swift */; };
		C6B494AF2CBA7F47004ADF01 /* ChangePasswordVC.swift in Sources */ = {isa = PBXBuildFile; fileRef = C6B494AE2CBA7F47004ADF01 /* ChangePasswordVC.swift */; };
		C6B494B12CBA7F54004ADF01 /* ChangePasswordViewModel.swift in Sources */ = {isa = PBXBuildFile; fileRef = C6B494B02CBA7F54004ADF01 /* ChangePasswordViewModel.swift */; };
		C6B494B32CBAA2E1004ADF01 /* ChangeEmailVC.swift in Sources */ = {isa = PBXBuildFile; fileRef = C6B494B22CBAA2E1004ADF01 /* ChangeEmailVC.swift */; };
		C6B494B52CBAA2FA004ADF01 /* ChangeEmailViewModel.swift in Sources */ = {isa = PBXBuildFile; fileRef = C6B494B42CBAA2FA004ADF01 /* ChangeEmailViewModel.swift */; };
		C6B515152CC6B4A100EE78E7 /* MemoriesUploadViewModel.swift in Sources */ = {isa = PBXBuildFile; fileRef = C6B515142CC6B4A100EE78E7 /* MemoriesUploadViewModel.swift */; };
		C6B515182CC6D1AE00EE78E7 /* Memories.swift in Sources */ = {isa = PBXBuildFile; fileRef = C6B515172CC6D1AE00EE78E7 /* Memories.swift */; };
		C6B7CA5E2CC913B800A21DDE /* Lottie in Frameworks */ = {isa = PBXBuildFile; productRef = C6B7CA5D2CC913B800A21DDE /* Lottie */; };
		C6B7CA602CC913C500A21DDE /* AnimationHelper.swift in Sources */ = {isa = PBXBuildFile; fileRef = C6B7CA5F2CC913C500A21DDE /* AnimationHelper.swift */; };
		C6B7CA6A2CC9188500A21DDE /* loading.json in Resources */ = {isa = PBXBuildFile; fileRef = C6B7CA692CC9188500A21DDE /* loading.json */; };
		C6C3E19A2CB1550200C87CBB /* UserProcesses.swift in Sources */ = {isa = PBXBuildFile; fileRef = C6C3E1992CB1550200C87CBB /* UserProcesses.swift */; };
		C6CEABA52CB92DCC008B4B06 /* ProfileCell.swift in Sources */ = {isa = PBXBuildFile; fileRef = C6CEABA42CB92DCC008B4B06 /* ProfileCell.swift */; };
		C6D556392CC46406003BB8B7 /* MemoriesUploadVC.swift in Sources */ = {isa = PBXBuildFile; fileRef = C6D556382CC46406003BB8B7 /* MemoriesUploadVC.swift */; };
		C6E12A282CAEE16D0066FA48 /* Users.swift in Sources */ = {isa = PBXBuildFile; fileRef = C6E12A272CAEE16D0066FA48 /* Users.swift */; };
		C6F8E66C2CBD93C400D1A7E4 /* NoteDetailsVC.swift in Sources */ = {isa = PBXBuildFile; fileRef = C6F8E66B2CBD93C400D1A7E4 /* NoteDetailsVC.swift */; };
		C6F8E66E2CBD93DF00D1A7E4 /* NoteDetailsViewModel.swift in Sources */ = {isa = PBXBuildFile; fileRef = C6F8E66D2CBD93DF00D1A7E4 /* NoteDetailsViewModel.swift */; };
		C6F8E6722CBD967B00D1A7E4 /* NotesCell.swift in Sources */ = {isa = PBXBuildFile; fileRef = C6F8E6712CBD967B00D1A7E4 /* NotesCell.swift */; };
		C6F8E6752CBE8A9E00D1A7E4 /* Note.swift in Sources */ = {isa = PBXBuildFile; fileRef = C6F8E6742CBE8A9E00D1A7E4 /* Note.swift */; };
		C6FCCC902CB7D3D600C4DEC8 /* MemoriesVC.swift in Sources */ = {isa = PBXBuildFile; fileRef = C6FCCC8F2CB7D3D600C4DEC8 /* MemoriesVC.swift */; };
		C6FCCC922CB7D3EB00C4DEC8 /* CalendarVC.swift in Sources */ = {isa = PBXBuildFile; fileRef = C6FCCC912CB7D3EB00C4DEC8 /* CalendarVC.swift */; };
		C6FCCC942CB7D41200C4DEC8 /* HomeVC.swift in Sources */ = {isa = PBXBuildFile; fileRef = C6FCCC932CB7D41200C4DEC8 /* HomeVC.swift */; };
		C6FCCC962CB7D49C00C4DEC8 /* NotesVC.swift in Sources */ = {isa = PBXBuildFile; fileRef = C6FCCC952CB7D49C00C4DEC8 /* NotesVC.swift */; };
		C6FCCC982CB7D4A600C4DEC8 /* ProfileVC.swift in Sources */ = {isa = PBXBuildFile; fileRef = C6FCCC972CB7D4A600C4DEC8 /* ProfileVC.swift */; };
		C6FCCC9C2CB7D4DE00C4DEC8 /* MemoriesViewModel.swift in Sources */ = {isa = PBXBuildFile; fileRef = C6FCCC9B2CB7D4DE00C4DEC8 /* MemoriesViewModel.swift */; };
		C6FCCCA02CB7D51F00C4DEC8 /* CalendarViewModel.swift in Sources */ = {isa = PBXBuildFile; fileRef = C6FCCC9F2CB7D51F00C4DEC8 /* CalendarViewModel.swift */; };
		C6FCCCA22CB7D52900C4DEC8 /* HomeViewModel.swift in Sources */ = {isa = PBXBuildFile; fileRef = C6FCCCA12CB7D52900C4DEC8 /* HomeViewModel.swift */; };
		C6FCCCA42CB7D53400C4DEC8 /* NotesViewModel.swift in Sources */ = {isa = PBXBuildFile; fileRef = C6FCCCA32CB7D53400C4DEC8 /* NotesViewModel.swift */; };
		C6FCCCA62CB7D54000C4DEC8 /* ProfileViewModel.swift in Sources */ = {isa = PBXBuildFile; fileRef = C6FCCCA52CB7D54000C4DEC8 /* ProfileViewModel.swift */; };
/* End PBXBuildFile section */

/* Begin PBXFileReference section */
		C6168A952CC45D0C006A9C60 /* MemoriesCell.swift */ = {isa = PBXFileReference; lastKnownFileType = sourcecode.swift; path = MemoriesCell.swift; sourceTree = "<group>"; };
		C65D9F382CB454B5007A6580 /* LogInViewModel.swift */ = {isa = PBXFileReference; lastKnownFileType = sourcecode.swift; path = LogInViewModel.swift; sourceTree = "<group>"; };
		C65D9F3A2CB4550C007A6580 /* RegisterViewModel.swift */ = {isa = PBXFileReference; lastKnownFileType = sourcecode.swift; path = RegisterViewModel.swift; sourceTree = "<group>"; };
		C65D9F3C2CB45588007A6580 /* ForgotPasswordViewModel.swift */ = {isa = PBXFileReference; lastKnownFileType = sourcecode.swift; path = ForgotPasswordViewModel.swift; sourceTree = "<group>"; };
		C6746EBB2CCABF6600A6B751 /* PrivacyVC.swift */ = {isa = PBXFileReference; lastKnownFileType = sourcecode.swift; path = PrivacyVC.swift; sourceTree = "<group>"; };
		C6746EBD2CCABF7700A6B751 /* PrivacyViewModel.swift */ = {isa = PBXFileReference; lastKnownFileType = sourcecode.swift; path = PrivacyViewModel.swift; sourceTree = "<group>"; };
		C684DD9B2CAD65970053B291 /* Assets.xcassets */ = {isa = PBXFileReference; lastKnownFileType = folder.assetcatalog; path = Assets.xcassets; sourceTree = "<group>"; };
		C684DD9C2CAD65970053B291 /* Info.plist */ = {isa = PBXFileReference; lastKnownFileType = text.plist.xml; path = Info.plist; sourceTree = "<group>"; };
		C684DD9D2CAD65970053B291 /* Base */ = {isa = PBXFileReference; lastKnownFileType = file.storyboard; name = Base; path = Base.lproj/LaunchScreen.storyboard; sourceTree = "<group>"; };
		C684DD9F2CAD65970053B291 /* Base */ = {isa = PBXFileReference; lastKnownFileType = file.storyboard; name = Base; path = Base.lproj/Main.storyboard; sourceTree = "<group>"; };
		C684DDB32CAD665D0053B291 /* Mola.app */ = {isa = PBXFileReference; explicitFileType = wrapper.application; includeInIndex = 0; path = Mola.app; sourceTree = BUILT_PRODUCTS_DIR; };
		C684DDB42CAD665D0053B291 /* AppDelegate.swift */ = {isa = PBXFileReference; lastKnownFileType = sourcecode.swift; path = AppDelegate.swift; sourceTree = "<group>"; };
		C684DDB52CAD665D0053B291 /* SceneDelegate.swift */ = {isa = PBXFileReference; lastKnownFileType = sourcecode.swift; path = SceneDelegate.swift; sourceTree = "<group>"; };
		C684DDBB2CAD668F0053B291 /* LogInVC.swift */ = {isa = PBXFileReference; lastKnownFileType = sourcecode.swift; path = LogInVC.swift; sourceTree = "<group>"; };
		C684DDC52CAEA5C00053B291 /* GoogleService-Info.plist */ = {isa = PBXFileReference; lastKnownFileType = text.plist.xml; path = "GoogleService-Info.plist"; sourceTree = "<group>"; };
		C684DDD62CAEDF140053B291 /* ForgotPasswordVC.swift */ = {isa = PBXFileReference; lastKnownFileType = sourcecode.swift; path = ForgotPasswordVC.swift; sourceTree = "<group>"; };
		C684DDD92CAEE0060053B291 /* RegisterVC.swift */ = {isa = PBXFileReference; lastKnownFileType = sourcecode.swift; path = RegisterVC.swift; sourceTree = "<group>"; };
		C6B494AE2CBA7F47004ADF01 /* ChangePasswordVC.swift */ = {isa = PBXFileReference; lastKnownFileType = sourcecode.swift; path = ChangePasswordVC.swift; sourceTree = "<group>"; };
		C6B494B02CBA7F54004ADF01 /* ChangePasswordViewModel.swift */ = {isa = PBXFileReference; lastKnownFileType = sourcecode.swift; path = ChangePasswordViewModel.swift; sourceTree = "<group>"; };
		C6B494B22CBAA2E1004ADF01 /* ChangeEmailVC.swift */ = {isa = PBXFileReference; lastKnownFileType = sourcecode.swift; path = ChangeEmailVC.swift; sourceTree = "<group>"; };
		C6B494B42CBAA2FA004ADF01 /* ChangeEmailViewModel.swift */ = {isa = PBXFileReference; lastKnownFileType = sourcecode.swift; path = ChangeEmailViewModel.swift; sourceTree = "<group>"; };
		C6B515142CC6B4A100EE78E7 /* MemoriesUploadViewModel.swift */ = {isa = PBXFileReference; lastKnownFileType = sourcecode.swift; path = MemoriesUploadViewModel.swift; sourceTree = "<group>"; };
		C6B515172CC6D1AE00EE78E7 /* Memories.swift */ = {isa = PBXFileReference; lastKnownFileType = sourcecode.swift; path = Memories.swift; sourceTree = "<group>"; };
		C6B7CA5F2CC913C500A21DDE /* AnimationHelper.swift */ = {isa = PBXFileReference; lastKnownFileType = sourcecode.swift; path = AnimationHelper.swift; sourceTree = "<group>"; };
		C6B7CA692CC9188500A21DDE /* loading.json */ = {isa = PBXFileReference; lastKnownFileType = text.json; path = loading.json; sourceTree = "<group>"; };
		C6C3E1992CB1550200C87CBB /* UserProcesses.swift */ = {isa = PBXFileReference; lastKnownFileType = sourcecode.swift; path = UserProcesses.swift; sourceTree = "<group>"; };
		C6CEABA42CB92DCC008B4B06 /* ProfileCell.swift */ = {isa = PBXFileReference; lastKnownFileType = sourcecode.swift; path = ProfileCell.swift; sourceTree = "<group>"; };
		C6D556382CC46406003BB8B7 /* MemoriesUploadVC.swift */ = {isa = PBXFileReference; lastKnownFileType = sourcecode.swift; path = MemoriesUploadVC.swift; sourceTree = "<group>"; };
		C6E12A272CAEE16D0066FA48 /* Users.swift */ = {isa = PBXFileReference; lastKnownFileType = sourcecode.swift; path = Users.swift; sourceTree = "<group>"; };
		C6F8E66B2CBD93C400D1A7E4 /* NoteDetailsVC.swift */ = {isa = PBXFileReference; lastKnownFileType = sourcecode.swift; path = NoteDetailsVC.swift; sourceTree = "<group>"; };
		C6F8E66D2CBD93DF00D1A7E4 /* NoteDetailsViewModel.swift */ = {isa = PBXFileReference; lastKnownFileType = sourcecode.swift; path = NoteDetailsViewModel.swift; sourceTree = "<group>"; };
		C6F8E6712CBD967B00D1A7E4 /* NotesCell.swift */ = {isa = PBXFileReference; lastKnownFileType = sourcecode.swift; path = NotesCell.swift; sourceTree = "<group>"; };
		C6F8E6742CBE8A9E00D1A7E4 /* Note.swift */ = {isa = PBXFileReference; lastKnownFileType = sourcecode.swift; path = Note.swift; sourceTree = "<group>"; };
		C6FCCC8F2CB7D3D600C4DEC8 /* MemoriesVC.swift */ = {isa = PBXFileReference; lastKnownFileType = sourcecode.swift; path = MemoriesVC.swift; sourceTree = "<group>"; };
		C6FCCC912CB7D3EB00C4DEC8 /* CalendarVC.swift */ = {isa = PBXFileReference; lastKnownFileType = sourcecode.swift; path = CalendarVC.swift; sourceTree = "<group>"; };
		C6FCCC932CB7D41200C4DEC8 /* HomeVC.swift */ = {isa = PBXFileReference; lastKnownFileType = sourcecode.swift; path = HomeVC.swift; sourceTree = "<group>"; };
		C6FCCC952CB7D49C00C4DEC8 /* NotesVC.swift */ = {isa = PBXFileReference; lastKnownFileType = sourcecode.swift; path = NotesVC.swift; sourceTree = "<group>"; };
		C6FCCC972CB7D4A600C4DEC8 /* ProfileVC.swift */ = {isa = PBXFileReference; lastKnownFileType = sourcecode.swift; path = ProfileVC.swift; sourceTree = "<group>"; };
		C6FCCC9B2CB7D4DE00C4DEC8 /* MemoriesViewModel.swift */ = {isa = PBXFileReference; lastKnownFileType = sourcecode.swift; path = MemoriesViewModel.swift; sourceTree = "<group>"; };
		C6FCCC9F2CB7D51F00C4DEC8 /* CalendarViewModel.swift */ = {isa = PBXFileReference; lastKnownFileType = sourcecode.swift; path = CalendarViewModel.swift; sourceTree = "<group>"; };
		C6FCCCA12CB7D52900C4DEC8 /* HomeViewModel.swift */ = {isa = PBXFileReference; lastKnownFileType = sourcecode.swift; path = HomeViewModel.swift; sourceTree = "<group>"; };
		C6FCCCA32CB7D53400C4DEC8 /* NotesViewModel.swift */ = {isa = PBXFileReference; lastKnownFileType = sourcecode.swift; path = NotesViewModel.swift; sourceTree = "<group>"; };
		C6FCCCA52CB7D54000C4DEC8 /* ProfileViewModel.swift */ = {isa = PBXFileReference; lastKnownFileType = sourcecode.swift; path = ProfileViewModel.swift; sourceTree = "<group>"; };
/* End PBXFileReference section */

/* Begin PBXFrameworksBuildPhase section */
		C684DD482CAD641F0053B291 /* Frameworks */ = {
			isa = PBXFrameworksBuildPhase;
			buildActionMask = 2147483647;
			files = (
				C684DDCD2CAEA62D0053B291 /* FirebaseDatabase in Frameworks */,
				C684DDCF2CAEA62D0053B291 /* FirebaseFirestore in Frameworks */,
				C684DDCB2CAEA62D0053B291 /* FirebaseCore in Frameworks */,
				C684DDD12CAEA62D0053B291 /* FirebaseStorage in Frameworks */,
				C684DDC92CAEA62D0053B291 /* FirebaseAuth in Frameworks */,
				C6B7CA5E2CC913B800A21DDE /* Lottie in Frameworks */,
			);
			runOnlyForDeploymentPostprocessing = 0;
		};
/* End PBXFrameworksBuildPhase section */

/* Begin PBXGroup section */
		C6168A942CC45CFA006A9C60 /* Memories */ = {
			isa = PBXGroup;
			children = (
				C6168A952CC45D0C006A9C60 /* MemoriesCell.swift */,
			);
			path = Memories;
			sourceTree = "<group>";
		};
		C684DD422CAD641F0053B291 = {
			isa = PBXGroup;
			children = (
				C684DDA22CAD65970053B291 /* Mola */,
			);
			sourceTree = "<group>";
		};
		C684DDA22CAD65970053B291 /* Mola */ = {
			isa = PBXGroup;
			children = (
				C684DDBE2CAD66E10053B291 /* System */,
				C6C3E1972CB154E900C87CBB /* Data */,
				C684DDBF2CAD66FA0053B291 /* UI */,
				C684DDC12CAD67080053B291 /* Cells */,
				C684DDC22CAD671A0053B291 /* ViewControllers */,
				C684DDC32CAD67230053B291 /* Entity */,
				C684DDC42CAD67340053B291 /* Animation */,
				C684DDA02CAD65970053B291 /* Main.storyboard */,
				C684DD9B2CAD65970053B291 /* Assets.xcassets */,
				C684DD9E2CAD65970053B291 /* LaunchScreen.storyboard */,
				C684DD9C2CAD65970053B291 /* Info.plist */,
				C684DDC52CAEA5C00053B291 /* GoogleService-Info.plist */,
			);
			path = Mola;
			sourceTree = "<group>";
		};
		C684DDBE2CAD66E10053B291 /* System */ = {
			isa = PBXGroup;
			children = (
				C684DDB32CAD665D0053B291 /* Mola.app */,
				C684DDB52CAD665D0053B291 /* SceneDelegate.swift */,
				C684DDB42CAD665D0053B291 /* AppDelegate.swift */,
			);
			path = System;
			sourceTree = "<group>";
		};
		C684DDBF2CAD66FA0053B291 /* UI */ = {
			isa = PBXGroup;
			children = (
				C684DDC02CAD67020053B291 /* ViewModels */,
			);
			path = UI;
			sourceTree = "<group>";
		};
		C684DDC02CAD67020053B291 /* ViewModels */ = {
			isa = PBXGroup;
			children = (
				C6FCCC992CB7D4AB00C4DEC8 /* UserProcessesVM */,
				C6FCCC9A2CB7D4C900C4DEC8 /* TabBar'sVM */,
			);
			path = ViewModels;
			sourceTree = "<group>";
		};
		C684DDC12CAD67080053B291 /* Cells */ = {
			isa = PBXGroup;
			children = (
				C6168A942CC45CFA006A9C60 /* Memories */,
				C6F8E6702CBD966100D1A7E4 /* Note */,
				C6F8E66F2CBD965900D1A7E4 /* Profile */,
			);
			path = Cells;
			sourceTree = "<group>";
		};
		C684DDC22CAD671A0053B291 /* ViewControllers */ = {
			isa = PBXGroup;
			children = (
				C684DDD82CAEDFE70053B291 /* UserProcessesVC */,
				C6FCCC8E2CB7D3B500C4DEC8 /* TabBar'sViewControllers */,
			);
			path = ViewControllers;
			sourceTree = "<group>";
		};
		C684DDC32CAD67230053B291 /* Entity */ = {
			isa = PBXGroup;
			children = (
				C6B515162CC6D19600EE78E7 /* MemoriesEntity */,
				C6E12A262CAEE15F0066FA48 /* UsersEntity */,
				C6F8E6732CBE8A8A00D1A7E4 /* NoteEntity */,
			);
			path = Entity;
			sourceTree = "<group>";
		};
		C684DDC42CAD67340053B291 /* Animation */ = {
			isa = PBXGroup;
			children = (
				C6B7CA5F2CC913C500A21DDE /* AnimationHelper.swift */,
				C6B7CA692CC9188500A21DDE /* loading.json */,
			);
			path = Animation;
			sourceTree = "<group>";
		};
		C684DDD82CAEDFE70053B291 /* UserProcessesVC */ = {
			isa = PBXGroup;
			children = (
				C684DDBB2CAD668F0053B291 /* LogInVC.swift */,
				C684DDD62CAEDF140053B291 /* ForgotPasswordVC.swift */,
				C684DDD92CAEE0060053B291 /* RegisterVC.swift */,
			);
			path = UserProcessesVC;
			sourceTree = "<group>";
		};
		C6B494AD2CBA7D53004ADF01 /* ProfileVC's */ = {
			isa = PBXGroup;
			children = (
				C6FCCC972CB7D4A600C4DEC8 /* ProfileVC.swift */,
				C6B494AE2CBA7F47004ADF01 /* ChangePasswordVC.swift */,
				C6B494B22CBAA2E1004ADF01 /* ChangeEmailVC.swift */,
				C6746EBB2CCABF6600A6B751 /* PrivacyVC.swift */,
			);
			path = "ProfileVC's";
			sourceTree = "<group>";
		};
		C6B515162CC6D19600EE78E7 /* MemoriesEntity */ = {
			isa = PBXGroup;
			children = (
				C6B515172CC6D1AE00EE78E7 /* Memories.swift */,
			);
			path = MemoriesEntity;
			sourceTree = "<group>";
		};
		C6C3E1972CB154E900C87CBB /* Data */ = {
			isa = PBXGroup;
			children = (
				C6C3E1982CB154F100C87CBB /* Services */,
			);
			path = Data;
			sourceTree = "<group>";
		};
		C6C3E1982CB154F100C87CBB /* Services */ = {
			isa = PBXGroup;
			children = (
				C6C3E1992CB1550200C87CBB /* UserProcesses.swift */,
			);
			path = Services;
			sourceTree = "<group>";
		};
		C6CEABA62CB9326E008B4B06 /* ProfileViewModel */ = {
			isa = PBXGroup;
			children = (
				C6FCCCA52CB7D54000C4DEC8 /* ProfileViewModel.swift */,
				C6B494B02CBA7F54004ADF01 /* ChangePasswordViewModel.swift */,
				C6B494B42CBAA2FA004ADF01 /* ChangeEmailViewModel.swift */,
				C6746EBD2CCABF7700A6B751 /* PrivacyViewModel.swift */,
			);
			path = ProfileViewModel;
			sourceTree = "<group>";
		};
		C6E12A262CAEE15F0066FA48 /* UsersEntity */ = {
			isa = PBXGroup;
			children = (
				C6E12A272CAEE16D0066FA48 /* Users.swift */,
			);
			path = UsersEntity;
			sourceTree = "<group>";
		};
		C6F8E6632CBD934700D1A7E4 /* Memories */ = {
			isa = PBXGroup;
			children = (
				C6FCCC8F2CB7D3D600C4DEC8 /* MemoriesVC.swift */,
				C6D556382CC46406003BB8B7 /* MemoriesUploadVC.swift */,
			);
			path = Memories;
			sourceTree = "<group>";
		};
		C6F8E6642CBD934D00D1A7E4 /* Calendar */ = {
			isa = PBXGroup;
			children = (
				C6FCCC912CB7D3EB00C4DEC8 /* CalendarVC.swift */,
			);
			path = Calendar;
			sourceTree = "<group>";
		};
		C6F8E6652CBD935700D1A7E4 /* Home */ = {
			isa = PBXGroup;
			children = (
				C6FCCC932CB7D41200C4DEC8 /* HomeVC.swift */,
			);
			path = Home;
			sourceTree = "<group>";
		};
		C6F8E6662CBD936000D1A7E4 /* Notes */ = {
			isa = PBXGroup;
			children = (
				C6FCCC952CB7D49C00C4DEC8 /* NotesVC.swift */,
				C6F8E66B2CBD93C400D1A7E4 /* NoteDetailsVC.swift */,
			);
			path = Notes;
			sourceTree = "<group>";
		};
		C6F8E6672CBD937000D1A7E4 /* MemoriesVM */ = {
			isa = PBXGroup;
			children = (
				C6FCCC9B2CB7D4DE00C4DEC8 /* MemoriesViewModel.swift */,
				C6B515142CC6B4A100EE78E7 /* MemoriesUploadViewModel.swift */,
			);
			path = MemoriesVM;
			sourceTree = "<group>";
		};
		C6F8E6682CBD937800D1A7E4 /* CalendarVM */ = {
			isa = PBXGroup;
			children = (
				C6FCCC9F2CB7D51F00C4DEC8 /* CalendarViewModel.swift */,
			);
			path = CalendarVM;
			sourceTree = "<group>";
		};
		C6F8E6692CBD938200D1A7E4 /* HomeVM */ = {
			isa = PBXGroup;
			children = (
				C6FCCCA12CB7D52900C4DEC8 /* HomeViewModel.swift */,
			);
			path = HomeVM;
			sourceTree = "<group>";
		};
		C6F8E66A2CBD939000D1A7E4 /* NotesVM */ = {
			isa = PBXGroup;
			children = (
				C6FCCCA32CB7D53400C4DEC8 /* NotesViewModel.swift */,
				C6F8E66D2CBD93DF00D1A7E4 /* NoteDetailsViewModel.swift */,
			);
			path = NotesVM;
			sourceTree = "<group>";
		};
		C6F8E66F2CBD965900D1A7E4 /* Profile */ = {
			isa = PBXGroup;
			children = (
				C6CEABA42CB92DCC008B4B06 /* ProfileCell.swift */,
			);
			path = Profile;
			sourceTree = "<group>";
		};
		C6F8E6702CBD966100D1A7E4 /* Note */ = {
			isa = PBXGroup;
			children = (
				C6F8E6712CBD967B00D1A7E4 /* NotesCell.swift */,
			);
			path = Note;
			sourceTree = "<group>";
		};
		C6F8E6732CBE8A8A00D1A7E4 /* NoteEntity */ = {
			isa = PBXGroup;
			children = (
				C6F8E6742CBE8A9E00D1A7E4 /* Note.swift */,
			);
			path = NoteEntity;
			sourceTree = "<group>";
		};
		C6FCCC8E2CB7D3B500C4DEC8 /* TabBar'sViewControllers */ = {
			isa = PBXGroup;
			children = (
				C6F8E6632CBD934700D1A7E4 /* Memories */,
				C6F8E6642CBD934D00D1A7E4 /* Calendar */,
				C6F8E6652CBD935700D1A7E4 /* Home */,
				C6F8E6662CBD936000D1A7E4 /* Notes */,
				C6B494AD2CBA7D53004ADF01 /* ProfileVC's */,
			);
			path = "TabBar'sViewControllers";
			sourceTree = "<group>";
		};
		C6FCCC992CB7D4AB00C4DEC8 /* UserProcessesVM */ = {
			isa = PBXGroup;
			children = (
				C65D9F382CB454B5007A6580 /* LogInViewModel.swift */,
				C65D9F3C2CB45588007A6580 /* ForgotPasswordViewModel.swift */,
				C65D9F3A2CB4550C007A6580 /* RegisterViewModel.swift */,
			);
			path = UserProcessesVM;
			sourceTree = "<group>";
		};
		C6FCCC9A2CB7D4C900C4DEC8 /* TabBar'sVM */ = {
			isa = PBXGroup;
			children = (
				C6F8E6672CBD937000D1A7E4 /* MemoriesVM */,
				C6F8E6682CBD937800D1A7E4 /* CalendarVM */,
				C6F8E6692CBD938200D1A7E4 /* HomeVM */,
				C6F8E66A2CBD939000D1A7E4 /* NotesVM */,
				C6CEABA62CB9326E008B4B06 /* ProfileViewModel */,
			);
			path = "TabBar'sVM";
			sourceTree = "<group>";
		};
/* End PBXGroup section */

/* Begin PBXNativeTarget section */
		C684DD4A2CAD641F0053B291 /* Mola */ = {
			isa = PBXNativeTarget;
			buildConfigurationList = C684DD5E2CAD64210053B291 /* Build configuration list for PBXNativeTarget "Mola" */;
			buildPhases = (
				C684DD472CAD641F0053B291 /* Sources */,
				C684DD482CAD641F0053B291 /* Frameworks */,
				C684DD492CAD641F0053B291 /* Resources */,
			);
			buildRules = (
			);
			dependencies = (
			);
			name = Mola;
			packageProductDependencies = (
				C684DDC82CAEA62D0053B291 /* FirebaseAuth */,
				C684DDCA2CAEA62D0053B291 /* FirebaseCore */,
				C684DDCC2CAEA62D0053B291 /* FirebaseDatabase */,
				C684DDCE2CAEA62D0053B291 /* FirebaseFirestore */,
				C684DDD02CAEA62D0053B291 /* FirebaseStorage */,
				C6B7CA5D2CC913B800A21DDE /* Lottie */,
			);
			productName = Mola;
			productReference = C684DDB32CAD665D0053B291 /* Mola.app */;
			productType = "com.apple.product-type.application";
		};
/* End PBXNativeTarget section */

/* Begin PBXProject section */
		C684DD432CAD641F0053B291 /* Project object */ = {
			isa = PBXProject;
			attributes = {
				BuildIndependentTargetsInParallel = 1;
				LastSwiftUpdateCheck = 1600;
				LastUpgradeCheck = 1600;
				TargetAttributes = {
					C684DD4A2CAD641F0053B291 = {
						CreatedOnToolsVersion = 16.0;
					};
				};
			};
			buildConfigurationList = C684DD462CAD641F0053B291 /* Build configuration list for PBXProject "Mola" */;
			developmentRegion = en;
			hasScannedForEncodings = 0;
			knownRegions = (
				en,
				Base,
			);
			mainGroup = C684DD422CAD641F0053B291;
			minimizedProjectReferenceProxies = 1;
			packageReferences = (
				C684DDC72CAEA62D0053B291 /* XCRemoteSwiftPackageReference "firebase-ios-sdk" */,
				C6B7CA5C2CC913B800A21DDE /* XCRemoteSwiftPackageReference "lottie-ios" */,
			);
			preferredProjectObjectVersion = 77;
			productRefGroup = C684DD422CAD641F0053B291;
			projectDirPath = "";
			projectRoot = "";
			targets = (
				C684DD4A2CAD641F0053B291 /* Mola */,
			);
		};
/* End PBXProject section */

/* Begin PBXResourcesBuildPhase section */
		C684DD492CAD641F0053B291 /* Resources */ = {
			isa = PBXResourcesBuildPhase;
			buildActionMask = 2147483647;
			files = (
				C684DDA32CAD65970053B291 /* Assets.xcassets in Resources */,
				C684DDC62CAEA5C00053B291 /* GoogleService-Info.plist in Resources */,
				C684DDA52CAD65970053B291 /* LaunchScreen.storyboard in Resources */,
				C684DDA62CAD65970053B291 /* Main.storyboard in Resources */,
				C6B7CA6A2CC9188500A21DDE /* loading.json in Resources */,
			);
			runOnlyForDeploymentPostprocessing = 0;
		};
/* End PBXResourcesBuildPhase section */

/* Begin PBXSourcesBuildPhase section */
		C684DD472CAD641F0053B291 /* Sources */ = {
			isa = PBXSourcesBuildPhase;
			buildActionMask = 2147483647;
			files = (
				C6F8E66E2CBD93DF00D1A7E4 /* NoteDetailsViewModel.swift in Sources */,
				C6FCCC982CB7D4A600C4DEC8 /* ProfileVC.swift in Sources */,
				C6FCCCA22CB7D52900C4DEC8 /* HomeViewModel.swift in Sources */,
				C6FCCC942CB7D41200C4DEC8 /* HomeVC.swift in Sources */,
				C6168A962CC45D0C006A9C60 /* MemoriesCell.swift in Sources */,
				C6B494AF2CBA7F47004ADF01 /* ChangePasswordVC.swift in Sources */,
				C684DDBC2CAD668F0053B291 /* LogInVC.swift in Sources */,
				C684DDB62CAD665D0053B291 /* AppDelegate.swift in Sources */,
				C6FCCCA42CB7D53400C4DEC8 /* NotesViewModel.swift in Sources */,
				C6CEABA52CB92DCC008B4B06 /* ProfileCell.swift in Sources */,
				C6B515152CC6B4A100EE78E7 /* MemoriesUploadViewModel.swift in Sources */,
				C6746EBE2CCABF7700A6B751 /* PrivacyViewModel.swift in Sources */,
				C6FCCC922CB7D3EB00C4DEC8 /* CalendarVC.swift in Sources */,
				C684DDD72CAEDF140053B291 /* ForgotPasswordVC.swift in Sources */,
				C684DDB72CAD665D0053B291 /* SceneDelegate.swift in Sources */,
				C6F8E66C2CBD93C400D1A7E4 /* NoteDetailsVC.swift in Sources */,
				C65D9F392CB454B5007A6580 /* LogInViewModel.swift in Sources */,
				C6FCCC902CB7D3D600C4DEC8 /* MemoriesVC.swift in Sources */,
				C6FCCCA02CB7D51F00C4DEC8 /* CalendarViewModel.swift in Sources */,
				C6E12A282CAEE16D0066FA48 /* Users.swift in Sources */,
				C6B515182CC6D1AE00EE78E7 /* Memories.swift in Sources */,
				C6B7CA602CC913C500A21DDE /* AnimationHelper.swift in Sources */,
				C6D556392CC46406003BB8B7 /* MemoriesUploadVC.swift in Sources */,
				C6746EBC2CCABF6600A6B751 /* PrivacyVC.swift in Sources */,
				C65D9F3D2CB45588007A6580 /* ForgotPasswordViewModel.swift in Sources */,
				C6F8E6752CBE8A9E00D1A7E4 /* Note.swift in Sources */,
				C6B494B52CBAA2FA004ADF01 /* ChangeEmailViewModel.swift in Sources */,
				C6F8E6722CBD967B00D1A7E4 /* NotesCell.swift in Sources */,
				C6B494B12CBA7F54004ADF01 /* ChangePasswordViewModel.swift in Sources */,
				C6FCCCA62CB7D54000C4DEC8 /* ProfileViewModel.swift in Sources */,
				C684DDDA2CAEE0060053B291 /* RegisterVC.swift in Sources */,
				C65D9F3B2CB4550C007A6580 /* RegisterViewModel.swift in Sources */,
				C6FCCC962CB7D49C00C4DEC8 /* NotesVC.swift in Sources */,
				C6B494B32CBAA2E1004ADF01 /* ChangeEmailVC.swift in Sources */,
				C6C3E19A2CB1550200C87CBB /* UserProcesses.swift in Sources */,
				C6FCCC9C2CB7D4DE00C4DEC8 /* MemoriesViewModel.swift in Sources */,
			);
			runOnlyForDeploymentPostprocessing = 0;
		};
/* End PBXSourcesBuildPhase section */

/* Begin PBXVariantGroup section */
		C684DD9E2CAD65970053B291 /* LaunchScreen.storyboard */ = {
			isa = PBXVariantGroup;
			children = (
				C684DD9D2CAD65970053B291 /* Base */,
			);
			name = LaunchScreen.storyboard;
			sourceTree = "<group>";
		};
		C684DDA02CAD65970053B291 /* Main.storyboard */ = {
			isa = PBXVariantGroup;
			children = (
				C684DD9F2CAD65970053B291 /* Base */,
			);
			name = Main.storyboard;
			sourceTree = "<group>";
		};
/* End PBXVariantGroup section */

/* Begin XCBuildConfiguration section */
		C684DD5F2CAD64210053B291 /* Debug */ = {
			isa = XCBuildConfiguration;
			buildSettings = {
				ASSETCATALOG_COMPILER_APPICON_NAME = AppIcon;
				ASSETCATALOG_COMPILER_GLOBAL_ACCENT_COLOR_NAME = AccentColor;
				CODE_SIGN_STYLE = Automatic;
				CURRENT_PROJECT_VERSION = 1;
				DEVELOPMENT_TEAM = 6PS4DAX69J;
				GENERATE_INFOPLIST_FILE = YES;
				INFOPLIST_FILE = Mola/Info.plist;
				INFOPLIST_KEY_UIApplicationSupportsIndirectInputEvents = YES;
				INFOPLIST_KEY_UILaunchStoryboardName = LaunchScreen;
				INFOPLIST_KEY_UIMainStoryboardFile = Main;
				INFOPLIST_KEY_UISupportedInterfaceOrientations_iPad = "UIInterfaceOrientationPortrait UIInterfaceOrientationPortraitUpsideDown UIInterfaceOrientationLandscapeLeft UIInterfaceOrientationLandscapeRight";
				INFOPLIST_KEY_UISupportedInterfaceOrientations_iPhone = "UIInterfaceOrientationPortrait UIInterfaceOrientationLandscapeLeft UIInterfaceOrientationLandscapeRight";
				LD_RUNPATH_SEARCH_PATHS = (
					"$(inherited)",
					"@executable_path/Frameworks",
				);
				MARKETING_VERSION = 1.0;
				PRODUCT_BUNDLE_IDENTIFIER = com.onurbosstan.Mola;
				PRODUCT_NAME = "$(TARGET_NAME)";
				SWIFT_EMIT_LOC_STRINGS = YES;
				SWIFT_VERSION = 5.0;
				TARGETED_DEVICE_FAMILY = "1,2";
			};
			name = Debug;
		};
		C684DD602CAD64210053B291 /* Release */ = {
			isa = XCBuildConfiguration;
			buildSettings = {
				ASSETCATALOG_COMPILER_APPICON_NAME = AppIcon;
				ASSETCATALOG_COMPILER_GLOBAL_ACCENT_COLOR_NAME = AccentColor;
				CODE_SIGN_STYLE = Automatic;
				CURRENT_PROJECT_VERSION = 1;
				DEVELOPMENT_TEAM = 6PS4DAX69J;
				GENERATE_INFOPLIST_FILE = YES;
				INFOPLIST_FILE = Mola/Info.plist;
				INFOPLIST_KEY_UIApplicationSupportsIndirectInputEvents = YES;
				INFOPLIST_KEY_UILaunchStoryboardName = LaunchScreen;
				INFOPLIST_KEY_UIMainStoryboardFile = Main;
				INFOPLIST_KEY_UISupportedInterfaceOrientations_iPad = "UIInterfaceOrientationPortrait UIInterfaceOrientationPortraitUpsideDown UIInterfaceOrientationLandscapeLeft UIInterfaceOrientationLandscapeRight";
				INFOPLIST_KEY_UISupportedInterfaceOrientations_iPhone = "UIInterfaceOrientationPortrait UIInterfaceOrientationLandscapeLeft UIInterfaceOrientationLandscapeRight";
				LD_RUNPATH_SEARCH_PATHS = (
					"$(inherited)",
					"@executable_path/Frameworks",
				);
				MARKETING_VERSION = 1.0;
				PRODUCT_BUNDLE_IDENTIFIER = com.onurbosstan.Mola;
				PRODUCT_NAME = "$(TARGET_NAME)";
				SWIFT_EMIT_LOC_STRINGS = YES;
				SWIFT_VERSION = 5.0;
				TARGETED_DEVICE_FAMILY = "1,2";
			};
			name = Release;
		};
		C684DD612CAD64210053B291 /* Debug */ = {
			isa = XCBuildConfiguration;
			buildSettings = {
				ALWAYS_SEARCH_USER_PATHS = NO;
				ASSETCATALOG_COMPILER_GENERATE_SWIFT_ASSET_SYMBOL_EXTENSIONS = YES;
				CLANG_ANALYZER_NONNULL = YES;
				CLANG_ANALYZER_NUMBER_OBJECT_CONVERSION = YES_AGGRESSIVE;
				CLANG_CXX_LANGUAGE_STANDARD = "gnu++20";
				CLANG_ENABLE_MODULES = YES;
				CLANG_ENABLE_OBJC_ARC = YES;
				CLANG_ENABLE_OBJC_WEAK = YES;
				CLANG_WARN_BLOCK_CAPTURE_AUTORELEASING = YES;
				CLANG_WARN_BOOL_CONVERSION = YES;
				CLANG_WARN_COMMA = YES;
				CLANG_WARN_CONSTANT_CONVERSION = YES;
				CLANG_WARN_DEPRECATED_OBJC_IMPLEMENTATIONS = YES;
				CLANG_WARN_DIRECT_OBJC_ISA_USAGE = YES_ERROR;
				CLANG_WARN_DOCUMENTATION_COMMENTS = YES;
				CLANG_WARN_EMPTY_BODY = YES;
				CLANG_WARN_ENUM_CONVERSION = YES;
				CLANG_WARN_INFINITE_RECURSION = YES;
				CLANG_WARN_INT_CONVERSION = YES;
				CLANG_WARN_NON_LITERAL_NULL_CONVERSION = YES;
				CLANG_WARN_OBJC_IMPLICIT_RETAIN_SELF = YES;
				CLANG_WARN_OBJC_LITERAL_CONVERSION = YES;
				CLANG_WARN_OBJC_ROOT_CLASS = YES_ERROR;
				CLANG_WARN_QUOTED_INCLUDE_IN_FRAMEWORK_HEADER = YES;
				CLANG_WARN_RANGE_LOOP_ANALYSIS = YES;
				CLANG_WARN_STRICT_PROTOTYPES = YES;
				CLANG_WARN_SUSPICIOUS_MOVE = YES;
				CLANG_WARN_UNGUARDED_AVAILABILITY = YES_AGGRESSIVE;
				CLANG_WARN_UNREACHABLE_CODE = YES;
				CLANG_WARN__DUPLICATE_METHOD_MATCH = YES;
				COPY_PHASE_STRIP = NO;
				DEBUG_INFORMATION_FORMAT = dwarf;
				ENABLE_STRICT_OBJC_MSGSEND = YES;
				ENABLE_TESTABILITY = YES;
				ENABLE_USER_SCRIPT_SANDBOXING = YES;
				GCC_C_LANGUAGE_STANDARD = gnu17;
				GCC_DYNAMIC_NO_PIC = NO;
				GCC_NO_COMMON_BLOCKS = YES;
				GCC_OPTIMIZATION_LEVEL = 0;
				GCC_PREPROCESSOR_DEFINITIONS = (
					"DEBUG=1",
					"$(inherited)",
				);
				GCC_WARN_64_TO_32_BIT_CONVERSION = YES;
				GCC_WARN_ABOUT_RETURN_TYPE = YES_ERROR;
				GCC_WARN_UNDECLARED_SELECTOR = YES;
				GCC_WARN_UNINITIALIZED_AUTOS = YES_AGGRESSIVE;
				GCC_WARN_UNUSED_FUNCTION = YES;
				GCC_WARN_UNUSED_VARIABLE = YES;
				IPHONEOS_DEPLOYMENT_TARGET = 18.0;
				LOCALIZATION_PREFERS_STRING_CATALOGS = YES;
				MTL_ENABLE_DEBUG_INFO = INCLUDE_SOURCE;
				MTL_FAST_MATH = YES;
				ONLY_ACTIVE_ARCH = YES;
				SDKROOT = iphoneos;
				SWIFT_ACTIVE_COMPILATION_CONDITIONS = "DEBUG $(inherited)";
				SWIFT_OPTIMIZATION_LEVEL = "-Onone";
			};
			name = Debug;
		};
		C684DD622CAD64210053B291 /* Release */ = {
			isa = XCBuildConfiguration;
			buildSettings = {
				ALWAYS_SEARCH_USER_PATHS = NO;
				ASSETCATALOG_COMPILER_GENERATE_SWIFT_ASSET_SYMBOL_EXTENSIONS = YES;
				CLANG_ANALYZER_NONNULL = YES;
				CLANG_ANALYZER_NUMBER_OBJECT_CONVERSION = YES_AGGRESSIVE;
				CLANG_CXX_LANGUAGE_STANDARD = "gnu++20";
				CLANG_ENABLE_MODULES = YES;
				CLANG_ENABLE_OBJC_ARC = YES;
				CLANG_ENABLE_OBJC_WEAK = YES;
				CLANG_WARN_BLOCK_CAPTURE_AUTORELEASING = YES;
				CLANG_WARN_BOOL_CONVERSION = YES;
				CLANG_WARN_COMMA = YES;
				CLANG_WARN_CONSTANT_CONVERSION = YES;
				CLANG_WARN_DEPRECATED_OBJC_IMPLEMENTATIONS = YES;
				CLANG_WARN_DIRECT_OBJC_ISA_USAGE = YES_ERROR;
				CLANG_WARN_DOCUMENTATION_COMMENTS = YES;
				CLANG_WARN_EMPTY_BODY = YES;
				CLANG_WARN_ENUM_CONVERSION = YES;
				CLANG_WARN_INFINITE_RECURSION = YES;
				CLANG_WARN_INT_CONVERSION = YES;
				CLANG_WARN_NON_LITERAL_NULL_CONVERSION = YES;
				CLANG_WARN_OBJC_IMPLICIT_RETAIN_SELF = YES;
				CLANG_WARN_OBJC_LITERAL_CONVERSION = YES;
				CLANG_WARN_OBJC_ROOT_CLASS = YES_ERROR;
				CLANG_WARN_QUOTED_INCLUDE_IN_FRAMEWORK_HEADER = YES;
				CLANG_WARN_RANGE_LOOP_ANALYSIS = YES;
				CLANG_WARN_STRICT_PROTOTYPES = YES;
				CLANG_WARN_SUSPICIOUS_MOVE = YES;
				CLANG_WARN_UNGUARDED_AVAILABILITY = YES_AGGRESSIVE;
				CLANG_WARN_UNREACHABLE_CODE = YES;
				CLANG_WARN__DUPLICATE_METHOD_MATCH = YES;
				COPY_PHASE_STRIP = NO;
				DEBUG_INFORMATION_FORMAT = "dwarf-with-dsym";
				ENABLE_NS_ASSERTIONS = NO;
				ENABLE_STRICT_OBJC_MSGSEND = YES;
				ENABLE_USER_SCRIPT_SANDBOXING = YES;
				GCC_C_LANGUAGE_STANDARD = gnu17;
				GCC_NO_COMMON_BLOCKS = YES;
				GCC_WARN_64_TO_32_BIT_CONVERSION = YES;
				GCC_WARN_ABOUT_RETURN_TYPE = YES_ERROR;
				GCC_WARN_UNDECLARED_SELECTOR = YES;
				GCC_WARN_UNINITIALIZED_AUTOS = YES_AGGRESSIVE;
				GCC_WARN_UNUSED_FUNCTION = YES;
				GCC_WARN_UNUSED_VARIABLE = YES;
				IPHONEOS_DEPLOYMENT_TARGET = 18.0;
				LOCALIZATION_PREFERS_STRING_CATALOGS = YES;
				MTL_ENABLE_DEBUG_INFO = NO;
				MTL_FAST_MATH = YES;
				SDKROOT = iphoneos;
				SWIFT_COMPILATION_MODE = wholemodule;
				VALIDATE_PRODUCT = YES;
			};
			name = Release;
		};
/* End XCBuildConfiguration section */

/* Begin XCConfigurationList section */
		C684DD462CAD641F0053B291 /* Build configuration list for PBXProject "Mola" */ = {
			isa = XCConfigurationList;
			buildConfigurations = (
				C684DD612CAD64210053B291 /* Debug */,
				C684DD622CAD64210053B291 /* Release */,
			);
			defaultConfigurationIsVisible = 0;
			defaultConfigurationName = Release;
		};
		C684DD5E2CAD64210053B291 /* Build configuration list for PBXNativeTarget "Mola" */ = {
			isa = XCConfigurationList;
			buildConfigurations = (
				C684DD5F2CAD64210053B291 /* Debug */,
				C684DD602CAD64210053B291 /* Release */,
			);
			defaultConfigurationIsVisible = 0;
			defaultConfigurationName = Release;
		};
/* End XCConfigurationList section */

/* Begin XCRemoteSwiftPackageReference section */
		C684DDC72CAEA62D0053B291 /* XCRemoteSwiftPackageReference "firebase-ios-sdk" */ = {
			isa = XCRemoteSwiftPackageReference;
			repositoryURL = "https://github.com/firebase/firebase-ios-sdk";
			requirement = {
				kind = upToNextMajorVersion;
				minimumVersion = 11.3.0;
			};
		};
		C6B7CA5C2CC913B800A21DDE /* XCRemoteSwiftPackageReference "lottie-ios" */ = {
			isa = XCRemoteSwiftPackageReference;
			repositoryURL = "https://github.com/airbnb/lottie-ios.git";
			requirement = {
				kind = upToNextMajorVersion;
				minimumVersion = 4.5.0;
			};
		};
/* End XCRemoteSwiftPackageReference section */

/* Begin XCSwiftPackageProductDependency section */
		C684DDC82CAEA62D0053B291 /* FirebaseAuth */ = {
			isa = XCSwiftPackageProductDependency;
			package = C684DDC72CAEA62D0053B291 /* XCRemoteSwiftPackageReference "firebase-ios-sdk" */;
			productName = FirebaseAuth;
		};
		C684DDCA2CAEA62D0053B291 /* FirebaseCore */ = {
			isa = XCSwiftPackageProductDependency;
			package = C684DDC72CAEA62D0053B291 /* XCRemoteSwiftPackageReference "firebase-ios-sdk" */;
			productName = FirebaseCore;
		};
		C684DDCC2CAEA62D0053B291 /* FirebaseDatabase */ = {
			isa = XCSwiftPackageProductDependency;
			package = C684DDC72CAEA62D0053B291 /* XCRemoteSwiftPackageReference "firebase-ios-sdk" */;
			productName = FirebaseDatabase;
		};
		C684DDCE2CAEA62D0053B291 /* FirebaseFirestore */ = {
			isa = XCSwiftPackageProductDependency;
			package = C684DDC72CAEA62D0053B291 /* XCRemoteSwiftPackageReference "firebase-ios-sdk" */;
			productName = FirebaseFirestore;
		};
		C684DDD02CAEA62D0053B291 /* FirebaseStorage */ = {
			isa = XCSwiftPackageProductDependency;
			package = C684DDC72CAEA62D0053B291 /* XCRemoteSwiftPackageReference "firebase-ios-sdk" */;
			productName = FirebaseStorage;
		};
		C6B7CA5D2CC913B800A21DDE /* Lottie */ = {
			isa = XCSwiftPackageProductDependency;
			package = C6B7CA5C2CC913B800A21DDE /* XCRemoteSwiftPackageReference "lottie-ios" */;
			productName = Lottie;
		};
/* End XCSwiftPackageProductDependency section */
	};
	rootObject = C684DD432CAD641F0053B291 /* Project object */;
}
